
Microsoft Visual Studio Solution File, Format Version 12.00
# Visual Studio 14
VisualStudioVersion = 14.0.25420.1
MinimumVisualStudioVersion = 10.0.40219.1
Project("{8BC9CEB8-8B4A-11D0-8D11-00A0C91BC942}") = "001. HelloWorld", "001. HelloWorld\HelloWorld.vcxproj", "{6688F9CD-5317-43E0-8D67-56BC0C109E70}"
EndProject
Project("{8BC9CEB8-8B4A-11D0-8D11-00A0C91BC942}") = "002. VariableLocation", "002. VariableLocation\VariableLocation.vcxproj", "{F2771B0D-61D9-4923-8293-C08170B65D91}"
EndProject
Project("{8BC9CEB8-8B4A-11D0-8D11-00A0C91BC942}") = "003. DefaultParameter", "003. DefaultParameter\DefaultParameter.vcxproj", "{2F79D5E4-8BB9-4C85-A085-9420375AD12A}"
EndProject
Project("{8BC9CEB8-8B4A-11D0-8D11-00A0C91BC942}") = "004. Bool", "004. Bool\Bool.vcxproj", "{21256890-55F4-45EB-9A64-53F99B06EC6E}"
EndProject
Project("{8BC9CEB8-8B4A-11D0-8D11-00A0C91BC942}") = "005. Reference", "005. Reference\5. Reference.vcxproj", "{02D5689C-E80B-4AA0-A1E4-EC24DE54B523}"
EndProject
Project("{8BC9CEB8-8B4A-11D0-8D11-00A0C91BC942}") = "006. NewDelete", "006. NewDelete\NewDelete.vcxproj", "{6F8060DF-5AAE-4196-99BA-E1A2886B5E14}"
EndProject
Project("{8BC9CEB8-8B4A-11D0-8D11-00A0C91BC942}") = "007. Nullptr", "007. Nullptr\7. Nullptr.vcxproj", "{4DFD23E9-CBE4-4BC9-B121-48530E43FDF9}"
EndProject
Project("{8BC9CEB8-8B4A-11D0-8D11-00A0C91BC942}") = "008. Structure", "008. Structure\8. Structure.vcxproj", "{9CACDFA6-12DD-4082-B912-288EA509B239}"
EndProject
Project("{8BC9CEB8-8B4A-11D0-8D11-00A0C91BC942}") = "009. Class", "009. Class\9. Class.vcxproj", "{F6D1F7A0-6CAF-4FAC-8148-3018B517781D}"
EndProject
Project("{8BC9CEB8-8B4A-11D0-8D11-00A0C91BC942}") = "010. Overloading", "010. Overloading\Constructors.vcxproj", "{F1DFACD0-D92F-4559-A500-1C40561011B6}"
EndProject
Project("{8BC9CEB8-8B4A-11D0-8D11-00A0C91BC942}") = "011. Constructors", "011. Constructors\011. Constructors.vcxproj", "{BBC74AD7-7037-4F37-BB1A-9F699F3DB405}"
EndProject
Project("{8BC9CEB8-8B4A-11D0-8D11-00A0C91BC942}") = "012. Destructors", "012. Destructors\012. Destructors.vcxproj", "{8EC8425A-7FEC-450A-A164-4AA32980820B}"
EndProject
Project("{8BC9CEB8-8B4A-11D0-8D11-00A0C91BC942}") = "013. CopyConstructors", "013. CopyConstructors\013. CopyConstructors.vcxproj", "{07EAAA44-5D8D-4A63-B912-74E207E4E653}"
EndProject
Project("{8BC9CEB8-8B4A-11D0-8D11-00A0C91BC942}") = "014. ConversionConstructors", "014. ConversionConstructors\014. ConversionConstructors.vcxproj", "{DC5B0769-1DB4-4AD1-BE98-39F5E971C3A9}"
EndProject
Project("{8BC9CEB8-8B4A-11D0-8D11-00A0C91BC942}") = "015. RvalueReference", "015. RvalueReference\015. RvalueReference.vcxproj", "{F3F0B46E-9D97-4841-8E1C-6C4CFA6C3724}"
EndProject
Project("{8BC9CEB8-8B4A-11D0-8D11-00A0C91BC942}") = "016. MoveConstructors", "016. MoveConstructors\016. MoveConstructors.vcxproj", "{1B1C7F53-220C-4F11-93C4-0C45C506B107}"
EndProject
Project("{8BC9CEB8-8B4A-11D0-8D11-00A0C91BC942}") = "017. DirectInitialization", "017. DirectInitialization\017. DirectInitialization.vcxproj", "{85F1BF6E-4671-4875-81F9-A5829F9D736D}"
EndProject
Project("{8BC9CEB8-8B4A-11D0-8D11-00A0C91BC942}") = "018. Friend", "018. Friend\018. Friend.vcxproj", "{DB648A6C-C858-4D83-8A5D-B8BBDF543365}"
EndProject
Project("{8BC9CEB8-8B4A-11D0-8D11-00A0C91BC942}") = "019. This", "019. This\019. This.vcxproj", "{465E9DB0-4848-4C70-A5CD-7ADDEC8E9D22}"
EndProject
Project("{8BC9CEB8-8B4A-11D0-8D11-00A0C91BC942}") = "020. Static", "020. Static\020. Static.vcxproj", "{26CEAFDB-46B8-47C2-91DD-C2F285F8FAC0}"
EndProject
Project("{8BC9CEB8-8B4A-11D0-8D11-00A0C91BC942}") = "021. Const", "021. Const\021. Const.vcxproj", "{887B5EBC-45B1-44EA-AFDE-1513DB537338}"
EndProject
Project("{8BC9CEB8-8B4A-11D0-8D11-00A0C91BC942}") = "022. OperatorOverloading", "022. OperatorOverloading\022. OperatorOverloading.vcxproj", "{9BE31929-0BAC-4D56-B636-6BD3ADC073D2}"
EndProject
Project("{8BC9CEB8-8B4A-11D0-8D11-00A0C91BC942}") = "023. Inheritance", "023. Inheritance\023. Inheritance.vcxproj", "{78BF7C40-B58F-46C2-A933-ADA806352C6A}"
EndProject
Project("{8BC9CEB8-8B4A-11D0-8D11-00A0C91BC942}") = "024. InheritanceRelation", "024. InheritanceRelation\024. InheritanceRelation.vcxproj", "{F5689052-8618-4846-B87D-BB8FF025D030}"
EndProject
Project("{8BC9CEB8-8B4A-11D0-8D11-00A0C91BC942}") = "025. MultiInheritance", "025. MultiInheritance\025. MultiInheritance.vcxproj", "{A6C2E02D-082E-4174-8500-B1E96163F047}"
EndProject
Project("{8BC9CEB8-8B4A-11D0-8D11-00A0C91BC942}") = "026. Overriding", "026. Overriding\026. Overriding.vcxproj", "{7627CDC4-8AD5-4C30-A994-03DD7B74AE3B}"
EndProject
Project("{8BC9CEB8-8B4A-11D0-8D11-00A0C91BC942}") = "027. Binding", "027. Binding\027. Binding.vcxproj", "{289C0F8D-1FF2-4DB5-BFB4-23FA5ED911EF}"
EndProject
Project("{8BC9CEB8-8B4A-11D0-8D11-00A0C91BC942}") = "028. Virtual", "028. Virtual\028. Virtual.vcxproj", "{1072E6A4-8FE4-4505-9B66-008E65DED82C}"
EndProject
Project("{8BC9CEB8-8B4A-11D0-8D11-00A0C91BC942}") = "029. VirtualUse", "029. VirtualUse\029. VirtualUse.vcxproj", "{8A9E6A6E-A33D-488B-AFA5-713FF54D6039}"
EndProject
Project("{8BC9CEB8-8B4A-11D0-8D11-00A0C91BC942}") = "030. Template", "030. Template\030. Template.vcxproj", "{99FE4818-E4D0-4F00-B6FC-C3133B266B12}"
EndProject
Project("{8BC9CEB8-8B4A-11D0-8D11-00A0C91BC942}") = "031. ClassTemplate", "031. ClassTemplate\031. ClassTemplate.vcxproj", "{CA4D764F-8797-482C-9184-CC71F1808E21}"
EndProject
Project("{8BC9CEB8-8B4A-11D0-8D11-00A0C91BC942}") = "032. Exception", "032. Exception\032. Exception.vcxproj", "{14FEF19D-4C5C-4669-A1F8-A60CC6F76E35}"
EndProject
Project("{8BC9CEB8-8B4A-11D0-8D11-00A0C91BC942}") = "033. Typeid", "033. Typeid\033. Typeid.vcxproj", "{DECD937D-C050-4CA8-A769-B1E441F1437D}"
EndProject
Project("{8BC9CEB8-8B4A-11D0-8D11-00A0C91BC942}") = "034. Casting", "034. Casting\034. Casting.vcxproj", "{ACF2A6BC-84E9-4055-B522-60CF5DBA91BE}"
EndProject
Project("{8BC9CEB8-8B4A-11D0-8D11-00A0C91BC942}") = "035. MemberPointer", "035. MemberPointer\035. MemberPointer.vcxproj", "{FD5E3897-D0D1-41B4-B59E-5A60C0F8AF68}"
EndProject
Project("{8BC9CEB8-8B4A-11D0-8D11-00A0C91BC942}") = "036. Namespace", "036. Namespace\036. Namespace.vcxproj", "{E2C2D14C-6277-481F-8760-C7960756675C}"
EndProject
Project("{8BC9CEB8-8B4A-11D0-8D11-00A0C91BC942}") = "037. PreMain", "037. PreMain\037. PreMain.vcxproj", "{3B9E40F9-517F-42DF-84BC-B078915A2D9E}"
EndProject
Project("{8BC9CEB8-8B4A-11D0-8D11-00A0C91BC942}") = "038. IOstream", "038. IOstream\038. IOstream.vcxproj", "{58A3AAB0-24A2-47C4-999F-EC6E991BE883}"
EndProject
Project("{8BC9CEB8-8B4A-11D0-8D11-00A0C91BC942}") = "000. self-practice", "000. self-practice\000. self-practice.vcxproj", "{0DE713F5-7855-4942-8617-9827978EF441}"
EndProject
Project("{8BC9CEB8-8B4A-11D0-8D11-00A0C91BC942}") = "039. vector", "039. vector\039. vector.vcxproj", "{6B41CF27-F77D-4132-90D9-973C67E03DC3}"
EndProject
Project("{8BC9CEB8-8B4A-11D0-8D11-00A0C91BC942}") = "040. list", "040. list\040. list.vcxproj", "{1CFC2548-1A67-422A-9E2C-2A932D76ABD1}"
EndProject
Project("{8BC9CEB8-8B4A-11D0-8D11-00A0C91BC942}") = "041. deque", "041. deque\041. deque.vcxproj", "{350A280C-057D-44A5-99B2-FAD45A1E146C}"
EndProject
Project("{8BC9CEB8-8B4A-11D0-8D11-00A0C91BC942}") = "042. pair", "042. pair\042. pair.vcxproj", "{91CC7AEB-0D1C-4648-B7FE-1916AE69FAA2}"
EndProject
Project("{8BC9CEB8-8B4A-11D0-8D11-00A0C91BC942}") = "043. set", "043. set\043. set.vcxproj", "{DBDD8EC7-9CE8-4826-98B4-273A441DBFF1}"
EndProject
Project("{8BC9CEB8-8B4A-11D0-8D11-00A0C91BC942}") = "044. map", "044. map\044. map.vcxproj", "{485D14CE-CC50-4D53-AA32-65EB88727225}"
EndProject
Project("{8BC9CEB8-8B4A-11D0-8D11-00A0C91BC942}") = "045. adapter-container", "045. adapter-container\045. adapter-container.vcxproj", "{D742616A-3758-4A08-B1AA-6E22A662BA79}"
EndProject
Global
	GlobalSection(SolutionConfigurationPlatforms) = preSolution
		Debug|x64 = Debug|x64
		Debug|x86 = Debug|x86
		Release|x64 = Release|x64
		Release|x86 = Release|x86
	EndGlobalSection
	GlobalSection(ProjectConfigurationPlatforms) = postSolution
		{6688F9CD-5317-43E0-8D67-56BC0C109E70}.Debug|x64.ActiveCfg = Debug|x64
		{6688F9CD-5317-43E0-8D67-56BC0C109E70}.Debug|x64.Build.0 = Debug|x64
		{6688F9CD-5317-43E0-8D67-56BC0C109E70}.Debug|x86.ActiveCfg = Debug|Win32
		{6688F9CD-5317-43E0-8D67-56BC0C109E70}.Debug|x86.Build.0 = Debug|Win32
		{6688F9CD-5317-43E0-8D67-56BC0C109E70}.Release|x64.ActiveCfg = Release|x64
		{6688F9CD-5317-43E0-8D67-56BC0C109E70}.Release|x64.Build.0 = Release|x64
		{6688F9CD-5317-43E0-8D67-56BC0C109E70}.Release|x86.ActiveCfg = Release|Win32
		{6688F9CD-5317-43E0-8D67-56BC0C109E70}.Release|x86.Build.0 = Release|Win32
		{F2771B0D-61D9-4923-8293-C08170B65D91}.Debug|x64.ActiveCfg = Debug|x64
		{F2771B0D-61D9-4923-8293-C08170B65D91}.Debug|x64.Build.0 = Debug|x64
		{F2771B0D-61D9-4923-8293-C08170B65D91}.Debug|x86.ActiveCfg = Debug|Win32
		{F2771B0D-61D9-4923-8293-C08170B65D91}.Debug|x86.Build.0 = Debug|Win32
		{F2771B0D-61D9-4923-8293-C08170B65D91}.Release|x64.ActiveCfg = Release|x64
		{F2771B0D-61D9-4923-8293-C08170B65D91}.Release|x64.Build.0 = Release|x64
		{F2771B0D-61D9-4923-8293-C08170B65D91}.Release|x86.ActiveCfg = Release|Win32
		{F2771B0D-61D9-4923-8293-C08170B65D91}.Release|x86.Build.0 = Release|Win32
		{2F79D5E4-8BB9-4C85-A085-9420375AD12A}.Debug|x64.ActiveCfg = Debug|x64
		{2F79D5E4-8BB9-4C85-A085-9420375AD12A}.Debug|x64.Build.0 = Debug|x64
		{2F79D5E4-8BB9-4C85-A085-9420375AD12A}.Debug|x86.ActiveCfg = Debug|Win32
		{2F79D5E4-8BB9-4C85-A085-9420375AD12A}.Debug|x86.Build.0 = Debug|Win32
		{2F79D5E4-8BB9-4C85-A085-9420375AD12A}.Release|x64.ActiveCfg = Release|x64
		{2F79D5E4-8BB9-4C85-A085-9420375AD12A}.Release|x64.Build.0 = Release|x64
		{2F79D5E4-8BB9-4C85-A085-9420375AD12A}.Release|x86.ActiveCfg = Release|Win32
		{2F79D5E4-8BB9-4C85-A085-9420375AD12A}.Release|x86.Build.0 = Release|Win32
		{21256890-55F4-45EB-9A64-53F99B06EC6E}.Debug|x64.ActiveCfg = Debug|x64
		{21256890-55F4-45EB-9A64-53F99B06EC6E}.Debug|x64.Build.0 = Debug|x64
		{21256890-55F4-45EB-9A64-53F99B06EC6E}.Debug|x86.ActiveCfg = Debug|Win32
		{21256890-55F4-45EB-9A64-53F99B06EC6E}.Debug|x86.Build.0 = Debug|Win32
		{21256890-55F4-45EB-9A64-53F99B06EC6E}.Release|x64.ActiveCfg = Release|x64
		{21256890-55F4-45EB-9A64-53F99B06EC6E}.Release|x64.Build.0 = Release|x64
		{21256890-55F4-45EB-9A64-53F99B06EC6E}.Release|x86.ActiveCfg = Release|Win32
		{21256890-55F4-45EB-9A64-53F99B06EC6E}.Release|x86.Build.0 = Release|Win32
		{02D5689C-E80B-4AA0-A1E4-EC24DE54B523}.Debug|x64.ActiveCfg = Debug|x64
		{02D5689C-E80B-4AA0-A1E4-EC24DE54B523}.Debug|x64.Build.0 = Debug|x64
		{02D5689C-E80B-4AA0-A1E4-EC24DE54B523}.Debug|x86.ActiveCfg = Debug|Win32
		{02D5689C-E80B-4AA0-A1E4-EC24DE54B523}.Debug|x86.Build.0 = Debug|Win32
		{02D5689C-E80B-4AA0-A1E4-EC24DE54B523}.Release|x64.ActiveCfg = Release|x64
		{02D5689C-E80B-4AA0-A1E4-EC24DE54B523}.Release|x64.Build.0 = Release|x64
		{02D5689C-E80B-4AA0-A1E4-EC24DE54B523}.Release|x86.ActiveCfg = Release|Win32
		{02D5689C-E80B-4AA0-A1E4-EC24DE54B523}.Release|x86.Build.0 = Release|Win32
		{6F8060DF-5AAE-4196-99BA-E1A2886B5E14}.Debug|x64.ActiveCfg = Debug|x64
		{6F8060DF-5AAE-4196-99BA-E1A2886B5E14}.Debug|x64.Build.0 = Debug|x64
		{6F8060DF-5AAE-4196-99BA-E1A2886B5E14}.Debug|x86.ActiveCfg = Debug|Win32
		{6F8060DF-5AAE-4196-99BA-E1A2886B5E14}.Debug|x86.Build.0 = Debug|Win32
		{6F8060DF-5AAE-4196-99BA-E1A2886B5E14}.Release|x64.ActiveCfg = Release|x64
		{6F8060DF-5AAE-4196-99BA-E1A2886B5E14}.Release|x64.Build.0 = Release|x64
		{6F8060DF-5AAE-4196-99BA-E1A2886B5E14}.Release|x86.ActiveCfg = Release|Win32
		{6F8060DF-5AAE-4196-99BA-E1A2886B5E14}.Release|x86.Build.0 = Release|Win32
		{4DFD23E9-CBE4-4BC9-B121-48530E43FDF9}.Debug|x64.ActiveCfg = Debug|x64
		{4DFD23E9-CBE4-4BC9-B121-48530E43FDF9}.Debug|x64.Build.0 = Debug|x64
		{4DFD23E9-CBE4-4BC9-B121-48530E43FDF9}.Debug|x86.ActiveCfg = Debug|Win32
		{4DFD23E9-CBE4-4BC9-B121-48530E43FDF9}.Debug|x86.Build.0 = Debug|Win32
		{4DFD23E9-CBE4-4BC9-B121-48530E43FDF9}.Release|x64.ActiveCfg = Release|x64
		{4DFD23E9-CBE4-4BC9-B121-48530E43FDF9}.Release|x64.Build.0 = Release|x64
		{4DFD23E9-CBE4-4BC9-B121-48530E43FDF9}.Release|x86.ActiveCfg = Release|Win32
		{4DFD23E9-CBE4-4BC9-B121-48530E43FDF9}.Release|x86.Build.0 = Release|Win32
		{9CACDFA6-12DD-4082-B912-288EA509B239}.Debug|x64.ActiveCfg = Debug|x64
		{9CACDFA6-12DD-4082-B912-288EA509B239}.Debug|x64.Build.0 = Debug|x64
		{9CACDFA6-12DD-4082-B912-288EA509B239}.Debug|x86.ActiveCfg = Debug|Win32
		{9CACDFA6-12DD-4082-B912-288EA509B239}.Debug|x86.Build.0 = Debug|Win32
		{9CACDFA6-12DD-4082-B912-288EA509B239}.Release|x64.ActiveCfg = Release|x64
		{9CACDFA6-12DD-4082-B912-288EA509B239}.Release|x64.Build.0 = Release|x64
		{9CACDFA6-12DD-4082-B912-288EA509B239}.Release|x86.ActiveCfg = Release|Win32
		{9CACDFA6-12DD-4082-B912-288EA509B239}.Release|x86.Build.0 = Release|Win32
		{F6D1F7A0-6CAF-4FAC-8148-3018B517781D}.Debug|x64.ActiveCfg = Debug|x64
		{F6D1F7A0-6CAF-4FAC-8148-3018B517781D}.Debug|x64.Build.0 = Debug|x64
		{F6D1F7A0-6CAF-4FAC-8148-3018B517781D}.Debug|x86.ActiveCfg = Debug|Win32
		{F6D1F7A0-6CAF-4FAC-8148-3018B517781D}.Debug|x86.Build.0 = Debug|Win32
		{F6D1F7A0-6CAF-4FAC-8148-3018B517781D}.Release|x64.ActiveCfg = Release|x64
		{F6D1F7A0-6CAF-4FAC-8148-3018B517781D}.Release|x64.Build.0 = Release|x64
		{F6D1F7A0-6CAF-4FAC-8148-3018B517781D}.Release|x86.ActiveCfg = Release|Win32
		{F6D1F7A0-6CAF-4FAC-8148-3018B517781D}.Release|x86.Build.0 = Release|Win32
		{F1DFACD0-D92F-4559-A500-1C40561011B6}.Debug|x64.ActiveCfg = Debug|x64
		{F1DFACD0-D92F-4559-A500-1C40561011B6}.Debug|x64.Build.0 = Debug|x64
		{F1DFACD0-D92F-4559-A500-1C40561011B6}.Debug|x86.ActiveCfg = Debug|Win32
		{F1DFACD0-D92F-4559-A500-1C40561011B6}.Debug|x86.Build.0 = Debug|Win32
		{F1DFACD0-D92F-4559-A500-1C40561011B6}.Release|x64.ActiveCfg = Release|x64
		{F1DFACD0-D92F-4559-A500-1C40561011B6}.Release|x64.Build.0 = Release|x64
		{F1DFACD0-D92F-4559-A500-1C40561011B6}.Release|x86.ActiveCfg = Release|Win32
		{F1DFACD0-D92F-4559-A500-1C40561011B6}.Release|x86.Build.0 = Release|Win32
		{BBC74AD7-7037-4F37-BB1A-9F699F3DB405}.Debug|x64.ActiveCfg = Debug|x64
		{BBC74AD7-7037-4F37-BB1A-9F699F3DB405}.Debug|x64.Build.0 = Debug|x64
		{BBC74AD7-7037-4F37-BB1A-9F699F3DB405}.Debug|x86.ActiveCfg = Debug|Win32
		{BBC74AD7-7037-4F37-BB1A-9F699F3DB405}.Debug|x86.Build.0 = Debug|Win32
		{BBC74AD7-7037-4F37-BB1A-9F699F3DB405}.Release|x64.ActiveCfg = Release|x64
		{BBC74AD7-7037-4F37-BB1A-9F699F3DB405}.Release|x64.Build.0 = Release|x64
		{BBC74AD7-7037-4F37-BB1A-9F699F3DB405}.Release|x86.ActiveCfg = Release|Win32
		{BBC74AD7-7037-4F37-BB1A-9F699F3DB405}.Release|x86.Build.0 = Release|Win32
		{8EC8425A-7FEC-450A-A164-4AA32980820B}.Debug|x64.ActiveCfg = Debug|x64
		{8EC8425A-7FEC-450A-A164-4AA32980820B}.Debug|x64.Build.0 = Debug|x64
		{8EC8425A-7FEC-450A-A164-4AA32980820B}.Debug|x86.ActiveCfg = Debug|Win32
		{8EC8425A-7FEC-450A-A164-4AA32980820B}.Debug|x86.Build.0 = Debug|Win32
		{8EC8425A-7FEC-450A-A164-4AA32980820B}.Release|x64.ActiveCfg = Release|x64
		{8EC8425A-7FEC-450A-A164-4AA32980820B}.Release|x64.Build.0 = Release|x64
		{8EC8425A-7FEC-450A-A164-4AA32980820B}.Release|x86.ActiveCfg = Release|Win32
		{8EC8425A-7FEC-450A-A164-4AA32980820B}.Release|x86.Build.0 = Release|Win32
		{07EAAA44-5D8D-4A63-B912-74E207E4E653}.Debug|x64.ActiveCfg = Debug|x64
		{07EAAA44-5D8D-4A63-B912-74E207E4E653}.Debug|x64.Build.0 = Debug|x64
		{07EAAA44-5D8D-4A63-B912-74E207E4E653}.Debug|x86.ActiveCfg = Debug|Win32
		{07EAAA44-5D8D-4A63-B912-74E207E4E653}.Debug|x86.Build.0 = Debug|Win32
		{07EAAA44-5D8D-4A63-B912-74E207E4E653}.Release|x64.ActiveCfg = Release|x64
		{07EAAA44-5D8D-4A63-B912-74E207E4E653}.Release|x64.Build.0 = Release|x64
		{07EAAA44-5D8D-4A63-B912-74E207E4E653}.Release|x86.ActiveCfg = Release|Win32
		{07EAAA44-5D8D-4A63-B912-74E207E4E653}.Release|x86.Build.0 = Release|Win32
		{DC5B0769-1DB4-4AD1-BE98-39F5E971C3A9}.Debug|x64.ActiveCfg = Debug|x64
		{DC5B0769-1DB4-4AD1-BE98-39F5E971C3A9}.Debug|x64.Build.0 = Debug|x64
		{DC5B0769-1DB4-4AD1-BE98-39F5E971C3A9}.Debug|x86.ActiveCfg = Debug|Win32
		{DC5B0769-1DB4-4AD1-BE98-39F5E971C3A9}.Debug|x86.Build.0 = Debug|Win32
		{DC5B0769-1DB4-4AD1-BE98-39F5E971C3A9}.Release|x64.ActiveCfg = Release|x64
		{DC5B0769-1DB4-4AD1-BE98-39F5E971C3A9}.Release|x64.Build.0 = Release|x64
		{DC5B0769-1DB4-4AD1-BE98-39F5E971C3A9}.Release|x86.ActiveCfg = Release|Win32
		{DC5B0769-1DB4-4AD1-BE98-39F5E971C3A9}.Release|x86.Build.0 = Release|Win32
		{F3F0B46E-9D97-4841-8E1C-6C4CFA6C3724}.Debug|x64.ActiveCfg = Debug|x64
		{F3F0B46E-9D97-4841-8E1C-6C4CFA6C3724}.Debug|x64.Build.0 = Debug|x64
		{F3F0B46E-9D97-4841-8E1C-6C4CFA6C3724}.Debug|x86.ActiveCfg = Debug|Win32
		{F3F0B46E-9D97-4841-8E1C-6C4CFA6C3724}.Debug|x86.Build.0 = Debug|Win32
		{F3F0B46E-9D97-4841-8E1C-6C4CFA6C3724}.Release|x64.ActiveCfg = Release|x64
		{F3F0B46E-9D97-4841-8E1C-6C4CFA6C3724}.Release|x64.Build.0 = Release|x64
		{F3F0B46E-9D97-4841-8E1C-6C4CFA6C3724}.Release|x86.ActiveCfg = Release|Win32
		{F3F0B46E-9D97-4841-8E1C-6C4CFA6C3724}.Release|x86.Build.0 = Release|Win32
		{1B1C7F53-220C-4F11-93C4-0C45C506B107}.Debug|x64.ActiveCfg = Debug|x64
		{1B1C7F53-220C-4F11-93C4-0C45C506B107}.Debug|x64.Build.0 = Debug|x64
		{1B1C7F53-220C-4F11-93C4-0C45C506B107}.Debug|x86.ActiveCfg = Debug|Win32
		{1B1C7F53-220C-4F11-93C4-0C45C506B107}.Debug|x86.Build.0 = Debug|Win32
		{1B1C7F53-220C-4F11-93C4-0C45C506B107}.Release|x64.ActiveCfg = Release|x64
		{1B1C7F53-220C-4F11-93C4-0C45C506B107}.Release|x64.Build.0 = Release|x64
		{1B1C7F53-220C-4F11-93C4-0C45C506B107}.Release|x86.ActiveCfg = Release|Win32
		{1B1C7F53-220C-4F11-93C4-0C45C506B107}.Release|x86.Build.0 = Release|Win32
		{85F1BF6E-4671-4875-81F9-A5829F9D736D}.Debug|x64.ActiveCfg = Debug|x64
		{85F1BF6E-4671-4875-81F9-A5829F9D736D}.Debug|x64.Build.0 = Debug|x64
		{85F1BF6E-4671-4875-81F9-A5829F9D736D}.Debug|x86.ActiveCfg = Debug|Win32
		{85F1BF6E-4671-4875-81F9-A5829F9D736D}.Debug|x86.Build.0 = Debug|Win32
		{85F1BF6E-4671-4875-81F9-A5829F9D736D}.Release|x64.ActiveCfg = Release|x64
		{85F1BF6E-4671-4875-81F9-A5829F9D736D}.Release|x64.Build.0 = Release|x64
		{85F1BF6E-4671-4875-81F9-A5829F9D736D}.Release|x86.ActiveCfg = Release|Win32
		{85F1BF6E-4671-4875-81F9-A5829F9D736D}.Release|x86.Build.0 = Release|Win32
		{DB648A6C-C858-4D83-8A5D-B8BBDF543365}.Debug|x64.ActiveCfg = Debug|x64
		{DB648A6C-C858-4D83-8A5D-B8BBDF543365}.Debug|x64.Build.0 = Debug|x64
		{DB648A6C-C858-4D83-8A5D-B8BBDF543365}.Debug|x86.ActiveCfg = Debug|Win32
		{DB648A6C-C858-4D83-8A5D-B8BBDF543365}.Debug|x86.Build.0 = Debug|Win32
		{DB648A6C-C858-4D83-8A5D-B8BBDF543365}.Release|x64.ActiveCfg = Release|x64
		{DB648A6C-C858-4D83-8A5D-B8BBDF543365}.Release|x64.Build.0 = Release|x64
		{DB648A6C-C858-4D83-8A5D-B8BBDF543365}.Release|x86.ActiveCfg = Release|Win32
		{DB648A6C-C858-4D83-8A5D-B8BBDF543365}.Release|x86.Build.0 = Release|Win32
		{465E9DB0-4848-4C70-A5CD-7ADDEC8E9D22}.Debug|x64.ActiveCfg = Debug|x64
		{465E9DB0-4848-4C70-A5CD-7ADDEC8E9D22}.Debug|x64.Build.0 = Debug|x64
		{465E9DB0-4848-4C70-A5CD-7ADDEC8E9D22}.Debug|x86.ActiveCfg = Debug|Win32
		{465E9DB0-4848-4C70-A5CD-7ADDEC8E9D22}.Debug|x86.Build.0 = Debug|Win32
		{465E9DB0-4848-4C70-A5CD-7ADDEC8E9D22}.Release|x64.ActiveCfg = Release|x64
		{465E9DB0-4848-4C70-A5CD-7ADDEC8E9D22}.Release|x64.Build.0 = Release|x64
		{465E9DB0-4848-4C70-A5CD-7ADDEC8E9D22}.Release|x86.ActiveCfg = Release|Win32
		{465E9DB0-4848-4C70-A5CD-7ADDEC8E9D22}.Release|x86.Build.0 = Release|Win32
		{26CEAFDB-46B8-47C2-91DD-C2F285F8FAC0}.Debug|x64.ActiveCfg = Debug|x64
		{26CEAFDB-46B8-47C2-91DD-C2F285F8FAC0}.Debug|x64.Build.0 = Debug|x64
		{26CEAFDB-46B8-47C2-91DD-C2F285F8FAC0}.Debug|x86.ActiveCfg = Debug|Win32
		{26CEAFDB-46B8-47C2-91DD-C2F285F8FAC0}.Debug|x86.Build.0 = Debug|Win32
		{26CEAFDB-46B8-47C2-91DD-C2F285F8FAC0}.Release|x64.ActiveCfg = Release|x64
		{26CEAFDB-46B8-47C2-91DD-C2F285F8FAC0}.Release|x64.Build.0 = Release|x64
		{26CEAFDB-46B8-47C2-91DD-C2F285F8FAC0}.Release|x86.ActiveCfg = Release|Win32
		{26CEAFDB-46B8-47C2-91DD-C2F285F8FAC0}.Release|x86.Build.0 = Release|Win32
		{887B5EBC-45B1-44EA-AFDE-1513DB537338}.Debug|x64.ActiveCfg = Debug|x64
		{887B5EBC-45B1-44EA-AFDE-1513DB537338}.Debug|x64.Build.0 = Debug|x64
		{887B5EBC-45B1-44EA-AFDE-1513DB537338}.Debug|x86.ActiveCfg = Debug|Win32
		{887B5EBC-45B1-44EA-AFDE-1513DB537338}.Debug|x86.Build.0 = Debug|Win32
		{887B5EBC-45B1-44EA-AFDE-1513DB537338}.Release|x64.ActiveCfg = Release|x64
		{887B5EBC-45B1-44EA-AFDE-1513DB537338}.Release|x64.Build.0 = Release|x64
		{887B5EBC-45B1-44EA-AFDE-1513DB537338}.Release|x86.ActiveCfg = Release|Win32
		{887B5EBC-45B1-44EA-AFDE-1513DB537338}.Release|x86.Build.0 = Release|Win32
		{9BE31929-0BAC-4D56-B636-6BD3ADC073D2}.Debug|x64.ActiveCfg = Debug|x64
		{9BE31929-0BAC-4D56-B636-6BD3ADC073D2}.Debug|x64.Build.0 = Debug|x64
		{9BE31929-0BAC-4D56-B636-6BD3ADC073D2}.Debug|x86.ActiveCfg = Debug|Win32
		{9BE31929-0BAC-4D56-B636-6BD3ADC073D2}.Debug|x86.Build.0 = Debug|Win32
		{9BE31929-0BAC-4D56-B636-6BD3ADC073D2}.Release|x64.ActiveCfg = Release|x64
		{9BE31929-0BAC-4D56-B636-6BD3ADC073D2}.Release|x64.Build.0 = Release|x64
		{9BE31929-0BAC-4D56-B636-6BD3ADC073D2}.Release|x86.ActiveCfg = Release|Win32
		{9BE31929-0BAC-4D56-B636-6BD3ADC073D2}.Release|x86.Build.0 = Release|Win32
		{78BF7C40-B58F-46C2-A933-ADA806352C6A}.Debug|x64.ActiveCfg = Debug|x64
		{78BF7C40-B58F-46C2-A933-ADA806352C6A}.Debug|x64.Build.0 = Debug|x64
		{78BF7C40-B58F-46C2-A933-ADA806352C6A}.Debug|x86.ActiveCfg = Debug|Win32
		{78BF7C40-B58F-46C2-A933-ADA806352C6A}.Debug|x86.Build.0 = Debug|Win32
		{78BF7C40-B58F-46C2-A933-ADA806352C6A}.Release|x64.ActiveCfg = Release|x64
		{78BF7C40-B58F-46C2-A933-ADA806352C6A}.Release|x64.Build.0 = Release|x64
		{78BF7C40-B58F-46C2-A933-ADA806352C6A}.Release|x86.ActiveCfg = Release|Win32
		{78BF7C40-B58F-46C2-A933-ADA806352C6A}.Release|x86.Build.0 = Release|Win32
		{F5689052-8618-4846-B87D-BB8FF025D030}.Debug|x64.ActiveCfg = Debug|x64
		{F5689052-8618-4846-B87D-BB8FF025D030}.Debug|x64.Build.0 = Debug|x64
		{F5689052-8618-4846-B87D-BB8FF025D030}.Debug|x86.ActiveCfg = Debug|Win32
		{F5689052-8618-4846-B87D-BB8FF025D030}.Debug|x86.Build.0 = Debug|Win32
		{F5689052-8618-4846-B87D-BB8FF025D030}.Release|x64.ActiveCfg = Release|x64
		{F5689052-8618-4846-B87D-BB8FF025D030}.Release|x64.Build.0 = Release|x64
		{F5689052-8618-4846-B87D-BB8FF025D030}.Release|x86.ActiveCfg = Release|Win32
		{F5689052-8618-4846-B87D-BB8FF025D030}.Release|x86.Build.0 = Release|Win32
		{A6C2E02D-082E-4174-8500-B1E96163F047}.Debug|x64.ActiveCfg = Debug|x64
		{A6C2E02D-082E-4174-8500-B1E96163F047}.Debug|x64.Build.0 = Debug|x64
		{A6C2E02D-082E-4174-8500-B1E96163F047}.Debug|x86.ActiveCfg = Debug|Win32
		{A6C2E02D-082E-4174-8500-B1E96163F047}.Debug|x86.Build.0 = Debug|Win32
		{A6C2E02D-082E-4174-8500-B1E96163F047}.Release|x64.ActiveCfg = Release|x64
		{A6C2E02D-082E-4174-8500-B1E96163F047}.Release|x64.Build.0 = Release|x64
		{A6C2E02D-082E-4174-8500-B1E96163F047}.Release|x86.ActiveCfg = Release|Win32
		{A6C2E02D-082E-4174-8500-B1E96163F047}.Release|x86.Build.0 = Release|Win32
		{7627CDC4-8AD5-4C30-A994-03DD7B74AE3B}.Debug|x64.ActiveCfg = Debug|x64
		{7627CDC4-8AD5-4C30-A994-03DD7B74AE3B}.Debug|x64.Build.0 = Debug|x64
		{7627CDC4-8AD5-4C30-A994-03DD7B74AE3B}.Debug|x86.ActiveCfg = Debug|Win32
		{7627CDC4-8AD5-4C30-A994-03DD7B74AE3B}.Debug|x86.Build.0 = Debug|Win32
		{7627CDC4-8AD5-4C30-A994-03DD7B74AE3B}.Release|x64.ActiveCfg = Release|x64
		{7627CDC4-8AD5-4C30-A994-03DD7B74AE3B}.Release|x64.Build.0 = Release|x64
		{7627CDC4-8AD5-4C30-A994-03DD7B74AE3B}.Release|x86.ActiveCfg = Release|Win32
		{7627CDC4-8AD5-4C30-A994-03DD7B74AE3B}.Release|x86.Build.0 = Release|Win32
		{289C0F8D-1FF2-4DB5-BFB4-23FA5ED911EF}.Debug|x64.ActiveCfg = Debug|x64
		{289C0F8D-1FF2-4DB5-BFB4-23FA5ED911EF}.Debug|x64.Build.0 = Debug|x64
		{289C0F8D-1FF2-4DB5-BFB4-23FA5ED911EF}.Debug|x86.ActiveCfg = Debug|Win32
		{289C0F8D-1FF2-4DB5-BFB4-23FA5ED911EF}.Debug|x86.Build.0 = Debug|Win32
		{289C0F8D-1FF2-4DB5-BFB4-23FA5ED911EF}.Release|x64.ActiveCfg = Release|x64
		{289C0F8D-1FF2-4DB5-BFB4-23FA5ED911EF}.Release|x64.Build.0 = Release|x64
		{289C0F8D-1FF2-4DB5-BFB4-23FA5ED911EF}.Release|x86.ActiveCfg = Release|Win32
		{289C0F8D-1FF2-4DB5-BFB4-23FA5ED911EF}.Release|x86.Build.0 = Release|Win32
		{1072E6A4-8FE4-4505-9B66-008E65DED82C}.Debug|x64.ActiveCfg = Debug|x64
		{1072E6A4-8FE4-4505-9B66-008E65DED82C}.Debug|x64.Build.0 = Debug|x64
		{1072E6A4-8FE4-4505-9B66-008E65DED82C}.Debug|x86.ActiveCfg = Debug|Win32
		{1072E6A4-8FE4-4505-9B66-008E65DED82C}.Debug|x86.Build.0 = Debug|Win32
		{1072E6A4-8FE4-4505-9B66-008E65DED82C}.Release|x64.ActiveCfg = Release|x64
		{1072E6A4-8FE4-4505-9B66-008E65DED82C}.Release|x64.Build.0 = Release|x64
		{1072E6A4-8FE4-4505-9B66-008E65DED82C}.Release|x86.ActiveCfg = Release|Win32
		{1072E6A4-8FE4-4505-9B66-008E65DED82C}.Release|x86.Build.0 = Release|Win32
		{8A9E6A6E-A33D-488B-AFA5-713FF54D6039}.Debug|x64.ActiveCfg = Debug|x64
		{8A9E6A6E-A33D-488B-AFA5-713FF54D6039}.Debug|x64.Build.0 = Debug|x64
		{8A9E6A6E-A33D-488B-AFA5-713FF54D6039}.Debug|x86.ActiveCfg = Debug|Win32
		{8A9E6A6E-A33D-488B-AFA5-713FF54D6039}.Debug|x86.Build.0 = Debug|Win32
		{8A9E6A6E-A33D-488B-AFA5-713FF54D6039}.Release|x64.ActiveCfg = Release|x64
		{8A9E6A6E-A33D-488B-AFA5-713FF54D6039}.Release|x64.Build.0 = Release|x64
		{8A9E6A6E-A33D-488B-AFA5-713FF54D6039}.Release|x86.ActiveCfg = Release|Win32
		{8A9E6A6E-A33D-488B-AFA5-713FF54D6039}.Release|x86.Build.0 = Release|Win32
		{99FE4818-E4D0-4F00-B6FC-C3133B266B12}.Debug|x64.ActiveCfg = Debug|x64
		{99FE4818-E4D0-4F00-B6FC-C3133B266B12}.Debug|x64.Build.0 = Debug|x64
		{99FE4818-E4D0-4F00-B6FC-C3133B266B12}.Debug|x86.ActiveCfg = Debug|Win32
		{99FE4818-E4D0-4F00-B6FC-C3133B266B12}.Debug|x86.Build.0 = Debug|Win32
		{99FE4818-E4D0-4F00-B6FC-C3133B266B12}.Release|x64.ActiveCfg = Release|x64
		{99FE4818-E4D0-4F00-B6FC-C3133B266B12}.Release|x64.Build.0 = Release|x64
		{99FE4818-E4D0-4F00-B6FC-C3133B266B12}.Release|x86.ActiveCfg = Release|Win32
		{99FE4818-E4D0-4F00-B6FC-C3133B266B12}.Release|x86.Build.0 = Release|Win32
		{CA4D764F-8797-482C-9184-CC71F1808E21}.Debug|x64.ActiveCfg = Debug|x64
		{CA4D764F-8797-482C-9184-CC71F1808E21}.Debug|x64.Build.0 = Debug|x64
		{CA4D764F-8797-482C-9184-CC71F1808E21}.Debug|x86.ActiveCfg = Debug|Win32
		{CA4D764F-8797-482C-9184-CC71F1808E21}.Debug|x86.Build.0 = Debug|Win32
		{CA4D764F-8797-482C-9184-CC71F1808E21}.Release|x64.ActiveCfg = Release|x64
		{CA4D764F-8797-482C-9184-CC71F1808E21}.Release|x64.Build.0 = Release|x64
		{CA4D764F-8797-482C-9184-CC71F1808E21}.Release|x86.ActiveCfg = Release|Win32
		{CA4D764F-8797-482C-9184-CC71F1808E21}.Release|x86.Build.0 = Release|Win32
		{14FEF19D-4C5C-4669-A1F8-A60CC6F76E35}.Debug|x64.ActiveCfg = Debug|x64
		{14FEF19D-4C5C-4669-A1F8-A60CC6F76E35}.Debug|x64.Build.0 = Debug|x64
		{14FEF19D-4C5C-4669-A1F8-A60CC6F76E35}.Debug|x86.ActiveCfg = Debug|Win32
		{14FEF19D-4C5C-4669-A1F8-A60CC6F76E35}.Debug|x86.Build.0 = Debug|Win32
		{14FEF19D-4C5C-4669-A1F8-A60CC6F76E35}.Release|x64.ActiveCfg = Release|x64
		{14FEF19D-4C5C-4669-A1F8-A60CC6F76E35}.Release|x64.Build.0 = Release|x64
		{14FEF19D-4C5C-4669-A1F8-A60CC6F76E35}.Release|x86.ActiveCfg = Release|Win32
		{14FEF19D-4C5C-4669-A1F8-A60CC6F76E35}.Release|x86.Build.0 = Release|Win32
		{DECD937D-C050-4CA8-A769-B1E441F1437D}.Debug|x64.ActiveCfg = Debug|x64
		{DECD937D-C050-4CA8-A769-B1E441F1437D}.Debug|x64.Build.0 = Debug|x64
		{DECD937D-C050-4CA8-A769-B1E441F1437D}.Debug|x86.ActiveCfg = Debug|Win32
		{DECD937D-C050-4CA8-A769-B1E441F1437D}.Debug|x86.Build.0 = Debug|Win32
		{DECD937D-C050-4CA8-A769-B1E441F1437D}.Release|x64.ActiveCfg = Release|x64
		{DECD937D-C050-4CA8-A769-B1E441F1437D}.Release|x64.Build.0 = Release|x64
		{DECD937D-C050-4CA8-A769-B1E441F1437D}.Release|x86.ActiveCfg = Release|Win32
		{DECD937D-C050-4CA8-A769-B1E441F1437D}.Release|x86.Build.0 = Release|Win32
		{ACF2A6BC-84E9-4055-B522-60CF5DBA91BE}.Debug|x64.ActiveCfg = Debug|x64
		{ACF2A6BC-84E9-4055-B522-60CF5DBA91BE}.Debug|x64.Build.0 = Debug|x64
		{ACF2A6BC-84E9-4055-B522-60CF5DBA91BE}.Debug|x86.ActiveCfg = Debug|Win32
		{ACF2A6BC-84E9-4055-B522-60CF5DBA91BE}.Debug|x86.Build.0 = Debug|Win32
		{ACF2A6BC-84E9-4055-B522-60CF5DBA91BE}.Release|x64.ActiveCfg = Release|x64
		{ACF2A6BC-84E9-4055-B522-60CF5DBA91BE}.Release|x64.Build.0 = Release|x64
		{ACF2A6BC-84E9-4055-B522-60CF5DBA91BE}.Release|x86.ActiveCfg = Release|Win32
		{ACF2A6BC-84E9-4055-B522-60CF5DBA91BE}.Release|x86.Build.0 = Release|Win32
		{FD5E3897-D0D1-41B4-B59E-5A60C0F8AF68}.Debug|x64.ActiveCfg = Debug|x64
		{FD5E3897-D0D1-41B4-B59E-5A60C0F8AF68}.Debug|x64.Build.0 = Debug|x64
		{FD5E3897-D0D1-41B4-B59E-5A60C0F8AF68}.Debug|x86.ActiveCfg = Debug|Win32
		{FD5E3897-D0D1-41B4-B59E-5A60C0F8AF68}.Debug|x86.Build.0 = Debug|Win32
		{FD5E3897-D0D1-41B4-B59E-5A60C0F8AF68}.Release|x64.ActiveCfg = Release|x64
		{FD5E3897-D0D1-41B4-B59E-5A60C0F8AF68}.Release|x64.Build.0 = Release|x64
		{FD5E3897-D0D1-41B4-B59E-5A60C0F8AF68}.Release|x86.ActiveCfg = Release|Win32
		{FD5E3897-D0D1-41B4-B59E-5A60C0F8AF68}.Release|x86.Build.0 = Release|Win32
		{E2C2D14C-6277-481F-8760-C7960756675C}.Debug|x64.ActiveCfg = Debug|x64
		{E2C2D14C-6277-481F-8760-C7960756675C}.Debug|x64.Build.0 = Debug|x64
		{E2C2D14C-6277-481F-8760-C7960756675C}.Debug|x86.ActiveCfg = Debug|Win32
		{E2C2D14C-6277-481F-8760-C7960756675C}.Debug|x86.Build.0 = Debug|Win32
		{E2C2D14C-6277-481F-8760-C7960756675C}.Release|x64.ActiveCfg = Release|x64
		{E2C2D14C-6277-481F-8760-C7960756675C}.Release|x64.Build.0 = Release|x64
		{E2C2D14C-6277-481F-8760-C7960756675C}.Release|x86.ActiveCfg = Release|Win32
		{E2C2D14C-6277-481F-8760-C7960756675C}.Release|x86.Build.0 = Release|Win32
		{3B9E40F9-517F-42DF-84BC-B078915A2D9E}.Debug|x64.ActiveCfg = Debug|x64
		{3B9E40F9-517F-42DF-84BC-B078915A2D9E}.Debug|x64.Build.0 = Debug|x64
		{3B9E40F9-517F-42DF-84BC-B078915A2D9E}.Debug|x86.ActiveCfg = Debug|Win32
		{3B9E40F9-517F-42DF-84BC-B078915A2D9E}.Debug|x86.Build.0 = Debug|Win32
		{3B9E40F9-517F-42DF-84BC-B078915A2D9E}.Release|x64.ActiveCfg = Release|x64
		{3B9E40F9-517F-42DF-84BC-B078915A2D9E}.Release|x64.Build.0 = Release|x64
		{3B9E40F9-517F-42DF-84BC-B078915A2D9E}.Release|x86.ActiveCfg = Release|Win32
		{3B9E40F9-517F-42DF-84BC-B078915A2D9E}.Release|x86.Build.0 = Release|Win32
		{58A3AAB0-24A2-47C4-999F-EC6E991BE883}.Debug|x64.ActiveCfg = Debug|x64
		{58A3AAB0-24A2-47C4-999F-EC6E991BE883}.Debug|x64.Build.0 = Debug|x64
		{58A3AAB0-24A2-47C4-999F-EC6E991BE883}.Debug|x86.ActiveCfg = Debug|Win32
		{58A3AAB0-24A2-47C4-999F-EC6E991BE883}.Debug|x86.Build.0 = Debug|Win32
		{58A3AAB0-24A2-47C4-999F-EC6E991BE883}.Release|x64.ActiveCfg = Release|x64
		{58A3AAB0-24A2-47C4-999F-EC6E991BE883}.Release|x64.Build.0 = Release|x64
		{58A3AAB0-24A2-47C4-999F-EC6E991BE883}.Release|x86.ActiveCfg = Release|Win32
		{58A3AAB0-24A2-47C4-999F-EC6E991BE883}.Release|x86.Build.0 = Release|Win32
		{0DE713F5-7855-4942-8617-9827978EF441}.Debug|x64.ActiveCfg = Debug|x64
		{0DE713F5-7855-4942-8617-9827978EF441}.Debug|x64.Build.0 = Debug|x64
		{0DE713F5-7855-4942-8617-9827978EF441}.Debug|x86.ActiveCfg = Debug|Win32
		{0DE713F5-7855-4942-8617-9827978EF441}.Debug|x86.Build.0 = Debug|Win32
		{0DE713F5-7855-4942-8617-9827978EF441}.Release|x64.ActiveCfg = Release|x64
		{0DE713F5-7855-4942-8617-9827978EF441}.Release|x64.Build.0 = Release|x64
		{0DE713F5-7855-4942-8617-9827978EF441}.Release|x86.ActiveCfg = Release|Win32
		{0DE713F5-7855-4942-8617-9827978EF441}.Release|x86.Build.0 = Release|Win32
		{6B41CF27-F77D-4132-90D9-973C67E03DC3}.Debug|x64.ActiveCfg = Debug|x64
		{6B41CF27-F77D-4132-90D9-973C67E03DC3}.Debug|x64.Build.0 = Debug|x64
		{6B41CF27-F77D-4132-90D9-973C67E03DC3}.Debug|x86.ActiveCfg = Debug|Win32
		{6B41CF27-F77D-4132-90D9-973C67E03DC3}.Debug|x86.Build.0 = Debug|Win32
		{6B41CF27-F77D-4132-90D9-973C67E03DC3}.Release|x64.ActiveCfg = Release|x64
		{6B41CF27-F77D-4132-90D9-973C67E03DC3}.Release|x64.Build.0 = Release|x64
		{6B41CF27-F77D-4132-90D9-973C67E03DC3}.Release|x86.ActiveCfg = Release|Win32
		{6B41CF27-F77D-4132-90D9-973C67E03DC3}.Release|x86.Build.0 = Release|Win32
		{1CFC2548-1A67-422A-9E2C-2A932D76ABD1}.Debug|x64.ActiveCfg = Debug|x64
		{1CFC2548-1A67-422A-9E2C-2A932D76ABD1}.Debug|x64.Build.0 = Debug|x64
		{1CFC2548-1A67-422A-9E2C-2A932D76ABD1}.Debug|x86.ActiveCfg = Debug|Win32
		{1CFC2548-1A67-422A-9E2C-2A932D76ABD1}.Debug|x86.Build.0 = Debug|Win32
		{1CFC2548-1A67-422A-9E2C-2A932D76ABD1}.Release|x64.ActiveCfg = Release|x64
		{1CFC2548-1A67-422A-9E2C-2A932D76ABD1}.Release|x64.Build.0 = Release|x64
		{1CFC2548-1A67-422A-9E2C-2A932D76ABD1}.Release|x86.ActiveCfg = Release|Win32
		{1CFC2548-1A67-422A-9E2C-2A932D76ABD1}.Release|x86.Build.0 = Release|Win32
		{350A280C-057D-44A5-99B2-FAD45A1E146C}.Debug|x64.ActiveCfg = Debug|x64
		{350A280C-057D-44A5-99B2-FAD45A1E146C}.Debug|x64.Build.0 = Debug|x64
		{350A280C-057D-44A5-99B2-FAD45A1E146C}.Debug|x86.ActiveCfg = Debug|Win32
		{350A280C-057D-44A5-99B2-FAD45A1E146C}.Debug|x86.Build.0 = Debug|Win32
		{350A280C-057D-44A5-99B2-FAD45A1E146C}.Release|x64.ActiveCfg = Release|x64
		{350A280C-057D-44A5-99B2-FAD45A1E146C}.Release|x64.Build.0 = Release|x64
		{350A280C-057D-44A5-99B2-FAD45A1E146C}.Release|x86.ActiveCfg = Release|Win32
		{350A280C-057D-44A5-99B2-FAD45A1E146C}.Release|x86.Build.0 = Release|Win32
		{91CC7AEB-0D1C-4648-B7FE-1916AE69FAA2}.Debug|x64.ActiveCfg = Debug|x64
		{91CC7AEB-0D1C-4648-B7FE-1916AE69FAA2}.Debug|x64.Build.0 = Debug|x64
		{91CC7AEB-0D1C-4648-B7FE-1916AE69FAA2}.Debug|x86.ActiveCfg = Debug|Win32
		{91CC7AEB-0D1C-4648-B7FE-1916AE69FAA2}.Debug|x86.Build.0 = Debug|Win32
		{91CC7AEB-0D1C-4648-B7FE-1916AE69FAA2}.Release|x64.ActiveCfg = Release|x64
		{91CC7AEB-0D1C-4648-B7FE-1916AE69FAA2}.Release|x64.Build.0 = Release|x64
		{91CC7AEB-0D1C-4648-B7FE-1916AE69FAA2}.Release|x86.ActiveCfg = Release|Win32
		{91CC7AEB-0D1C-4648-B7FE-1916AE69FAA2}.Release|x86.Build.0 = Release|Win32
		{DBDD8EC7-9CE8-4826-98B4-273A441DBFF1}.Debug|x64.ActiveCfg = Debug|x64
		{DBDD8EC7-9CE8-4826-98B4-273A441DBFF1}.Debug|x64.Build.0 = Debug|x64
		{DBDD8EC7-9CE8-4826-98B4-273A441DBFF1}.Debug|x86.ActiveCfg = Debug|Win32
		{DBDD8EC7-9CE8-4826-98B4-273A441DBFF1}.Debug|x86.Build.0 = Debug|Win32
		{DBDD8EC7-9CE8-4826-98B4-273A441DBFF1}.Release|x64.ActiveCfg = Release|x64
		{DBDD8EC7-9CE8-4826-98B4-273A441DBFF1}.Release|x64.Build.0 = Release|x64
		{DBDD8EC7-9CE8-4826-98B4-273A441DBFF1}.Release|x86.ActiveCfg = Release|Win32
		{DBDD8EC7-9CE8-4826-98B4-273A441DBFF1}.Release|x86.Build.0 = Release|Win32
		{485D14CE-CC50-4D53-AA32-65EB88727225}.Debug|x64.ActiveCfg = Debug|x64
		{485D14CE-CC50-4D53-AA32-65EB88727225}.Debug|x64.Build.0 = Debug|x64
		{485D14CE-CC50-4D53-AA32-65EB88727225}.Debug|x86.ActiveCfg = Debug|Win32
		{485D14CE-CC50-4D53-AA32-65EB88727225}.Debug|x86.Build.0 = Debug|Win32
		{485D14CE-CC50-4D53-AA32-65EB88727225}.Release|x64.ActiveCfg = Release|x64
		{485D14CE-CC50-4D53-AA32-65EB88727225}.Release|x64.Build.0 = Release|x64
		{485D14CE-CC50-4D53-AA32-65EB88727225}.Release|x86.ActiveCfg = Release|Win32
		{485D14CE-CC50-4D53-AA32-65EB88727225}.Release|x86.Build.0 = Release|Win32
		{D742616A-3758-4A08-B1AA-6E22A662BA79}.Debug|x64.ActiveCfg = Debug|x64
		{D742616A-3758-4A08-B1AA-6E22A662BA79}.Debug|x64.Build.0 = Debug|x64
		{D742616A-3758-4A08-B1AA-6E22A662BA79}.Debug|x86.ActiveCfg = Debug|Win32
		{D742616A-3758-4A08-B1AA-6E22A662BA79}.Debug|x86.Build.0 = Debug|Win32
		{D742616A-3758-4A08-B1AA-6E22A662BA79}.Release|x64.ActiveCfg = Release|x64
		{D742616A-3758-4A08-B1AA-6E22A662BA79}.Release|x64.Build.0 = Release|x64
		{D742616A-3758-4A08-B1AA-6E22A662BA79}.Release|x86.ActiveCfg = Release|Win32
		{D742616A-3758-4A08-B1AA-6E22A662BA79}.Release|x86.Build.0 = Release|Win32
	EndGlobalSection
	GlobalSection(SolutionProperties) = preSolution
		HideSolutionNode = FALSE
	EndGlobalSection
EndGlobal
