<?xml version="1.0" encoding="utf-8"?>
<Project ToolsVersion="4.0" xmlns="http://schemas.microsoft.com/developer/msbuild/2003">
  <ItemGroup>
    <Filter Include="소스 파일">
      <UniqueIdentifier>{4FC737F1-C7A5-4376-A066-2A32D752A2FF}</UniqueIdentifier>
      <Extensions>cpp;c;cc;cxx;def;odl;idl;hpj;bat;asm;asmx</Extensions>
    </Filter>
    <Filter Include="소스 파일\ruvendix">
      <UniqueIdentifier>{872271ba-58ba-4300-9ad7-cb9697653839}</UniqueIdentifier>
    </Filter>
    <Filter Include="외부 라이브러리">
      <UniqueIdentifier>{93995380-89BD-4b04-88EB-625FBE52EBFB}</UniqueIdentifier>
      <Extensions>h;hh;hpp;hxx;hm;inl;inc;xsd</Extensions>
    </Filter>
  </ItemGroup>
  <ItemGroup>
    <ClCompile Include="source\test_code.cpp">
      <Filter>소스 파일</Filter>
    </ClCompile>
  </ItemGroup>
  <ItemGroup>
    <ClInclude Include="include\Screen.h">
      <Filter>외부 라이브러리</Filter>
    </ClInclude>
    <ClInclude Include="include\test_code.h">
      <Filter>소스 파일</Filter>
    </ClInclude>
    <ClInclude Include="include\ruvendix\use.h">
      <Filter>소스 파일\ruvendix</Filter>
    </ClInclude>
  </ItemGroup>
</Project>